
Microsoft Visual Studio Solution File, Format Version 12.00
# Visual Studio Version 16
VisualStudioVersion = 16.0.31402.337
MinimumVisualStudioVersion = 10.0.40219.1
Project("{FAE04EC0-301F-11D3-BF4B-00C04F79EFBC}") = "MVCNotities", "MVCNotities\MVCNotities.csproj", "{0F3F41E2-368F-4B77-A808-BC3C049F3F24}"
EndProject
Global
	GlobalSection(SolutionConfigurationPlatforms) = preSolution
		Debug|Any CPU = Debug|Any CPU
		Release|Any CPU = Release|Any CPU
	EndGlobalSection
	GlobalSection(ProjectConfigurationPlatforms) = postSolution
		{0F3F41E2-368F-4B77-A808-BC3C049F3F24}.Debug|Any CPU.ActiveCfg = Debug|Any CPU
		{0F3F41E2-368F-4B77-A808-BC3C049F3F24}.Debug|Any CPU.Build.0 = Debug|Any CPU
		{0F3F41E2-368F-4B77-A808-BC3C049F3F24}.Release|Any CPU.ActiveCfg = Release|Any CPU
		{0F3F41E2-368F-4B77-A808-BC3C049F3F24}.Release|Any CPU.Build.0 = Release|Any CPU
	EndGlobalSection
	GlobalSection(SolutionProperties) = preSolution
		HideSolutionNode = FALSE
	EndGlobalSection
	GlobalSection(ExtensibilityGlobals) = postSolution
		SolutionGuid = {591AD579-B3A4-4F84-A317-50630E6A33A2}
	EndGlobalSection
EndGlobal
